
Microsoft Visual Studio Solution File, Format Version 12.00
# Visual Studio Version 16
VisualStudioVersion = 16.0.30717.126
MinimumVisualStudioVersion = 10.0.40219.1
Project("{9A19103F-16F7-4668-BE54-9A1E7A4F7556}") = "BarKod", "BarKod\BarKod.csproj", "{6693C8F5-D098-4877-A977-2627C6047025}"
EndProject
Project("{9A19103F-16F7-4668-BE54-9A1E7A4F7556}") = "BarKodTest", "BarKodTest\BarKodTest.csproj", "{5EA13ECE-E021-4518-8B90-AC11A6F1DADF}"
EndProject
Global
	GlobalSection(SolutionConfigurationPlatforms) = preSolution
		Debug|Any CPU = Debug|Any CPU
		Release|Any CPU = Release|Any CPU
	EndGlobalSection
	GlobalSection(ProjectConfigurationPlatforms) = postSolution
		{6693C8F5-D098-4877-A977-2627C6047025}.Debug|Any CPU.ActiveCfg = Debug|Any CPU
		{6693C8F5-D098-4877-A977-2627C6047025}.Debug|Any CPU.Build.0 = Debug|Any CPU
		{6693C8F5-D098-4877-A977-2627C6047025}.Release|Any CPU.ActiveCfg = Release|Any CPU
		{6693C8F5-D098-4877-A977-2627C6047025}.Release|Any CPU.Build.0 = Release|Any CPU
		{5EA13ECE-E021-4518-8B90-AC11A6F1DADF}.Debug|Any CPU.ActiveCfg = Debug|Any CPU
		{5EA13ECE-E021-4518-8B90-AC11A6F1DADF}.Debug|Any CPU.Build.0 = Debug|Any CPU
		{5EA13ECE-E021-4518-8B90-AC11A6F1DADF}.Release|Any CPU.ActiveCfg = Release|Any CPU
		{5EA13ECE-E021-4518-8B90-AC11A6F1DADF}.Release|Any CPU.Build.0 = Release|Any CPU
	EndGlobalSection
	GlobalSection(SolutionProperties) = preSolution
		HideSolutionNode = FALSE
	EndGlobalSection
	GlobalSection(ExtensibilityGlobals) = postSolution
		SolutionGuid = {3A7E2910-B294-425B-BA51-67B9699B083B}
	EndGlobalSection
EndGlobal
